{
  "name": "mt716",
  "version": "1.0.0",
  "lockfileVersion": 3,
  "requires": true,
  "packages": {
    "": {
      "name": "mt716",
      "version": "1.0.0",
      "devDependencies": {}
    },
    "dataconnect-generated/js/default-connector": {
      "name": "@firebasegen/default-connector",
      "version": "1.0.0",
      "extraneous": true,
      "license": "Apache-2.0",
      "engines": {
        "node": " >=18.0"
      },
      "peerDependencies": {
        "@tanstack-query-firebase/react": "^1.0.5",
        "firebase": "^11.3.0"
      }
    }
  }
}
